
Microsoft Visual Studio Solution File, Format Version 12.00
Project("{FAE04EC0-301F-11D3-BF4B-00C04F79EFBC}") = "TaskCompanion", "TaskCompanion\TaskCompanion.csproj", "{801C0B2F-C93F-4E98-A79E-FA8D228B25E0}"
EndProject
Project("{2150E333-8FDC-42A3-9474-1A3956D46DE8}") = "Solution Items", "Solution Items", "{9B3EA122-BFCE-4374-BE0B-E78BD3DB2AB2}"
	ProjectSection(SolutionItems) = preProject
		compose.yaml = compose.yaml
	EndProjectSection
EndProject
Global
	GlobalSection(SolutionConfigurationPlatforms) = preSolution
		Debug|Any CPU = Debug|Any CPU
		Release|Any CPU = Release|Any CPU
	EndGlobalSection
	GlobalSection(ProjectConfigurationPlatforms) = postSolution
		{801C0B2F-C93F-4E98-A79E-FA8D228B25E0}.Debug|Any CPU.ActiveCfg = Debug|Any CPU
		{801C0B2F-C93F-4E98-A79E-FA8D228B25E0}.Debug|Any CPU.Build.0 = Debug|Any CPU
		{801C0B2F-C93F-4E98-A79E-FA8D228B25E0}.Release|Any CPU.ActiveCfg = Release|Any CPU
		{801C0B2F-C93F-4E98-A79E-FA8D228B25E0}.Release|Any CPU.Build.0 = Release|Any CPU
	EndGlobalSection
EndGlobal
